# This file was autogenerated by Stack.
# You should not edit this file by hand.
# For more information, please see the documentation at:
#   https://docs.haskellstack.org/en/stable/lock_files

packages:
- completed:
    hackage: json-stream-0.4.2.4@sha256:8b7f17d54a6e1e6311756270f8bcf51e91bab4300945400de66118470dcf51b9,4716
    pantry-tree:
      size: 2055
      sha256: 3ad81d47097db52223576d79ff441f04682358cd3057de4acb604409772641ca
  original:
    hackage: json-stream-0.4.2.4@sha256:8b7f17d54a6e1e6311756270f8bcf51e91bab4300945400de66118470dcf51b9,4716
- completed:
    hackage: prometheus-metrics-ghc-1.0.1@sha256:d12cd520cbedff91bd193e0192056474723e953e69cdf817fb79494d110df390,1231
    pantry-tree:
      size: 293
      sha256: b412f2835ee5791a7f4f634c416227b70bae50511666d9f68683e5e21b5c2821
  original:
    hackage: prometheus-metrics-ghc-1.0.1@sha256:d12cd520cbedff91bd193e0192056474723e953e69cdf817fb79494d110df390,1231
snapshots:
- completed:
    size: 523541
    url: https://raw.githubusercontent.com/commercialhaskell/stackage-snapshots/master/lts/14/23.yaml
    sha256: f761fe419a1a44fc3ef47f5bfb1853304d13320fc72b45d2798c08d21dabc23c
  original: lts-14.23
